
Microsoft Visual Studio Solution File, Format Version 12.00
# Visual Studio Version 16
VisualStudioVersion = 16.0.30330.147
MinimumVisualStudioVersion = 10.0.40219.1
Project("{FAE04EC0-301F-11D3-BF4B-00C04F79EFBC}") = "carrasco", "carrasco.csproj", "{233AAE52-851A-4C95-9AF6-926A0FDAA188}"
EndProject
Global
	GlobalSection(SolutionConfigurationPlatforms) = preSolution
		Debug|Any CPU = Debug|Any CPU
		Release|Any CPU = Release|Any CPU
	EndGlobalSection
	GlobalSection(ProjectConfigurationPlatforms) = postSolution
		{233AAE52-851A-4C95-9AF6-926A0FDAA188}.Debug|Any CPU.ActiveCfg = Debug|Any CPU
		{233AAE52-851A-4C95-9AF6-926A0FDAA188}.Debug|Any CPU.Build.0 = Debug|Any CPU
		{233AAE52-851A-4C95-9AF6-926A0FDAA188}.Release|Any CPU.ActiveCfg = Release|Any CPU
		{233AAE52-851A-4C95-9AF6-926A0FDAA188}.Release|Any CPU.Build.0 = Release|Any CPU
	EndGlobalSection
	GlobalSection(SolutionProperties) = preSolution
		HideSolutionNode = FALSE
	EndGlobalSection
	GlobalSection(ExtensibilityGlobals) = postSolution
		SolutionGuid = {EB664848-96DC-41FD-A13C-E54F46F2C190}
	EndGlobalSection
EndGlobal
