
Microsoft Visual Studio Solution File, Format Version 12.00
# Visual Studio Version 16
VisualStudioVersion = 16.0.30320.27
MinimumVisualStudioVersion = 10.0.40219.1
Project("{FAE04EC0-301F-11D3-BF4B-00C04F79EFBC}") = "T1547-001", "T1547-001.csproj", "{06222CA3-1C15-463B-A360-17BA123D97B3}"
EndProject
Global
	GlobalSection(SolutionConfigurationPlatforms) = preSolution
		Debug|Any CPU = Debug|Any CPU
		Release|Any CPU = Release|Any CPU
	EndGlobalSection
	GlobalSection(ProjectConfigurationPlatforms) = postSolution
		{06222CA3-1C15-463B-A360-17BA123D97B3}.Debug|Any CPU.ActiveCfg = Debug|Any CPU
		{06222CA3-1C15-463B-A360-17BA123D97B3}.Debug|Any CPU.Build.0 = Debug|Any CPU
		{06222CA3-1C15-463B-A360-17BA123D97B3}.Release|Any CPU.ActiveCfg = Release|Any CPU
		{06222CA3-1C15-463B-A360-17BA123D97B3}.Release|Any CPU.Build.0 = Release|Any CPU
	EndGlobalSection
	GlobalSection(SolutionProperties) = preSolution
		HideSolutionNode = FALSE
	EndGlobalSection
	GlobalSection(ExtensibilityGlobals) = postSolution
		SolutionGuid = {256F0B8A-4BC2-4E63-BE1A-415116161471}
	EndGlobalSection
EndGlobal
