
Microsoft Visual Studio Solution File, Format Version 12.00
# Visual Studio Version 16
VisualStudioVersion = 16.0.30503.244
MinimumVisualStudioVersion = 10.0.40219.1
Project("{FAE04EC0-301F-11D3-BF4B-00C04F79EFBC}") = "T1558-003", "T1558-003.csproj", "{122FB3A6-A90A-4D25-9958-05C1C598AEEA}"
EndProject
Global
	GlobalSection(SolutionConfigurationPlatforms) = preSolution
		Debug|Any CPU = Debug|Any CPU
		Release|Any CPU = Release|Any CPU
	EndGlobalSection
	GlobalSection(ProjectConfigurationPlatforms) = postSolution
		{122FB3A6-A90A-4D25-9958-05C1C598AEEA}.Debug|Any CPU.ActiveCfg = Debug|Any CPU
		{122FB3A6-A90A-4D25-9958-05C1C598AEEA}.Debug|Any CPU.Build.0 = Debug|Any CPU
		{122FB3A6-A90A-4D25-9958-05C1C598AEEA}.Release|Any CPU.ActiveCfg = Release|Any CPU
		{122FB3A6-A90A-4D25-9958-05C1C598AEEA}.Release|Any CPU.Build.0 = Release|Any CPU
	EndGlobalSection
	GlobalSection(SolutionProperties) = preSolution
		HideSolutionNode = FALSE
	EndGlobalSection
	GlobalSection(ExtensibilityGlobals) = postSolution
		SolutionGuid = {917C3F04-DB16-491E-8B99-00EA063C55C0}
	EndGlobalSection
EndGlobal
