
Microsoft Visual Studio Solution File, Format Version 12.00
# Visual Studio Version 16
VisualStudioVersion = 16.0.30406.217
MinimumVisualStudioVersion = 10.0.40219.1
Project("{FAE04EC0-301F-11D3-BF4B-00C04F79EFBC}") = "T1036-004", "T1036-004.csproj", "{B2BD1B33-6FC4-4C77-B04E-846BB3E87A49}"
EndProject
Global
	GlobalSection(SolutionConfigurationPlatforms) = preSolution
		Debug|Any CPU = Debug|Any CPU
		Release|Any CPU = Release|Any CPU
	EndGlobalSection
	GlobalSection(ProjectConfigurationPlatforms) = postSolution
		{B2BD1B33-6FC4-4C77-B04E-846BB3E87A49}.Debug|Any CPU.ActiveCfg = Debug|Any CPU
		{B2BD1B33-6FC4-4C77-B04E-846BB3E87A49}.Debug|Any CPU.Build.0 = Debug|Any CPU
		{B2BD1B33-6FC4-4C77-B04E-846BB3E87A49}.Release|Any CPU.ActiveCfg = Release|Any CPU
		{B2BD1B33-6FC4-4C77-B04E-846BB3E87A49}.Release|Any CPU.Build.0 = Release|Any CPU
	EndGlobalSection
	GlobalSection(SolutionProperties) = preSolution
		HideSolutionNode = FALSE
	EndGlobalSection
	GlobalSection(ExtensibilityGlobals) = postSolution
		SolutionGuid = {F42FD455-6E9F-4D05-A828-32FC61E461B4}
	EndGlobalSection
EndGlobal
